
Microsoft Visual Studio Solution File, Format Version 12.00
# Visual Studio Version 17
VisualStudioVersion = 17.1.32407.343
MinimumVisualStudioVersion = 10.0.40219.1
Project("{FAE04EC0-301F-11D3-BF4B-00C04F79EFBC}") = "01. Read Text", "01. Read Text\01. Read Text.csproj", "{9BF48506-861F-43B4-A0BD-0C870667200C}"
EndProject
Project("{FAE04EC0-301F-11D3-BF4B-00C04F79EFBC}") = "02. Password", "02. Password\02. Password.csproj", "{6CE4587D-B7E6-43CD-9449-9C76EFE6D406}"
EndProject
Project("{FAE04EC0-301F-11D3-BF4B-00C04F79EFBC}") = "03. Sum Numbers", "03. Sum Numbers\03. Sum Numbers.csproj", "{E0422E12-F989-4F33-B561-66EDDA60040B}"
EndProject
Project("{FAE04EC0-301F-11D3-BF4B-00C04F79EFBC}") = "04. Sequence 2k+1", "04. Sequence 2k+1\04. Sequence 2k+1.csproj", "{61A54801-B4D6-463F-B964-67DE9CD80017}"
EndProject
Project("{FAE04EC0-301F-11D3-BF4B-00C04F79EFBC}") = "05. Account Balance", "05. Account Balance\05. Account Balance.csproj", "{9C1FDD0A-7020-4BA9-88DA-B0E0EBAF01C3}"
EndProject
Project("{FAE04EC0-301F-11D3-BF4B-00C04F79EFBC}") = "06. Max Number", "06. Max Number\06. Max Number.csproj", "{65BAF12D-5A05-4277-8CE7-B7C4F0644FC2}"
EndProject
Project("{FAE04EC0-301F-11D3-BF4B-00C04F79EFBC}") = "07. Min Number", "07. Min Number\07. Min Number.csproj", "{FD1F961E-E99C-4BFA-88AB-BFBCBE13C267}"
EndProject
Project("{FAE04EC0-301F-11D3-BF4B-00C04F79EFBC}") = "08. Graduation", "08. Graduation\08. Graduation.csproj", "{33E4545F-16AC-4B13-91CB-872C531C2279}"
EndProject
Global
	GlobalSection(SolutionConfigurationPlatforms) = preSolution
		Debug|Any CPU = Debug|Any CPU
		Release|Any CPU = Release|Any CPU
	EndGlobalSection
	GlobalSection(ProjectConfigurationPlatforms) = postSolution
		{9BF48506-861F-43B4-A0BD-0C870667200C}.Debug|Any CPU.ActiveCfg = Debug|Any CPU
		{9BF48506-861F-43B4-A0BD-0C870667200C}.Debug|Any CPU.Build.0 = Debug|Any CPU
		{9BF48506-861F-43B4-A0BD-0C870667200C}.Release|Any CPU.ActiveCfg = Release|Any CPU
		{9BF48506-861F-43B4-A0BD-0C870667200C}.Release|Any CPU.Build.0 = Release|Any CPU
		{6CE4587D-B7E6-43CD-9449-9C76EFE6D406}.Debug|Any CPU.ActiveCfg = Debug|Any CPU
		{6CE4587D-B7E6-43CD-9449-9C76EFE6D406}.Debug|Any CPU.Build.0 = Debug|Any CPU
		{6CE4587D-B7E6-43CD-9449-9C76EFE6D406}.Release|Any CPU.ActiveCfg = Release|Any CPU
		{6CE4587D-B7E6-43CD-9449-9C76EFE6D406}.Release|Any CPU.Build.0 = Release|Any CPU
		{E0422E12-F989-4F33-B561-66EDDA60040B}.Debug|Any CPU.ActiveCfg = Debug|Any CPU
		{E0422E12-F989-4F33-B561-66EDDA60040B}.Debug|Any CPU.Build.0 = Debug|Any CPU
		{E0422E12-F989-4F33-B561-66EDDA60040B}.Release|Any CPU.ActiveCfg = Release|Any CPU
		{E0422E12-F989-4F33-B561-66EDDA60040B}.Release|Any CPU.Build.0 = Release|Any CPU
		{61A54801-B4D6-463F-B964-67DE9CD80017}.Debug|Any CPU.ActiveCfg = Debug|Any CPU
		{61A54801-B4D6-463F-B964-67DE9CD80017}.Debug|Any CPU.Build.0 = Debug|Any CPU
		{61A54801-B4D6-463F-B964-67DE9CD80017}.Release|Any CPU.ActiveCfg = Release|Any CPU
		{61A54801-B4D6-463F-B964-67DE9CD80017}.Release|Any CPU.Build.0 = Release|Any CPU
		{9C1FDD0A-7020-4BA9-88DA-B0E0EBAF01C3}.Debug|Any CPU.ActiveCfg = Debug|Any CPU
		{9C1FDD0A-7020-4BA9-88DA-B0E0EBAF01C3}.Debug|Any CPU.Build.0 = Debug|Any CPU
		{9C1FDD0A-7020-4BA9-88DA-B0E0EBAF01C3}.Release|Any CPU.ActiveCfg = Release|Any CPU
		{9C1FDD0A-7020-4BA9-88DA-B0E0EBAF01C3}.Release|Any CPU.Build.0 = Release|Any CPU
		{65BAF12D-5A05-4277-8CE7-B7C4F0644FC2}.Debug|Any CPU.ActiveCfg = Debug|Any CPU
		{65BAF12D-5A05-4277-8CE7-B7C4F0644FC2}.Debug|Any CPU.Build.0 = Debug|Any CPU
		{65BAF12D-5A05-4277-8CE7-B7C4F0644FC2}.Release|Any CPU.ActiveCfg = Release|Any CPU
		{65BAF12D-5A05-4277-8CE7-B7C4F0644FC2}.Release|Any CPU.Build.0 = Release|Any CPU
		{FD1F961E-E99C-4BFA-88AB-BFBCBE13C267}.Debug|Any CPU.ActiveCfg = Debug|Any CPU
		{FD1F961E-E99C-4BFA-88AB-BFBCBE13C267}.Debug|Any CPU.Build.0 = Debug|Any CPU
		{FD1F961E-E99C-4BFA-88AB-BFBCBE13C267}.Release|Any CPU.ActiveCfg = Release|Any CPU
		{FD1F961E-E99C-4BFA-88AB-BFBCBE13C267}.Release|Any CPU.Build.0 = Release|Any CPU
		{33E4545F-16AC-4B13-91CB-872C531C2279}.Debug|Any CPU.ActiveCfg = Debug|Any CPU
		{33E4545F-16AC-4B13-91CB-872C531C2279}.Debug|Any CPU.Build.0 = Debug|Any CPU
		{33E4545F-16AC-4B13-91CB-872C531C2279}.Release|Any CPU.ActiveCfg = Release|Any CPU
		{33E4545F-16AC-4B13-91CB-872C531C2279}.Release|Any CPU.Build.0 = Release|Any CPU
	EndGlobalSection
	GlobalSection(SolutionProperties) = preSolution
		HideSolutionNode = FALSE
	EndGlobalSection
	GlobalSection(ExtensibilityGlobals) = postSolution
		SolutionGuid = {1CF170B9-D427-4E42-BF90-596BF01B5989}
	EndGlobalSection
EndGlobal
